
Microsoft Visual Studio Solution File, Format Version 12.00
# Visual Studio 15
VisualStudioVersion = 15.0.28307.1062
MinimumVisualStudioVersion = 10.0.40219.1
Project("{FAE04EC0-301F-11D3-BF4B-00C04F79EFBC}") = "WebAppCrudVehiculosAngularJS", "WebAppCrudVehiculosAngularJS\WebAppCrudVehiculosAngularJS.csproj", "{C50E5B47-8B13-44B8-819C-DFF9827F1182}"
EndProject
Global
	GlobalSection(SolutionConfigurationPlatforms) = preSolution
		Debug|Any CPU = Debug|Any CPU
		Release|Any CPU = Release|Any CPU
	EndGlobalSection
	GlobalSection(ProjectConfigurationPlatforms) = postSolution
		{C50E5B47-8B13-44B8-819C-DFF9827F1182}.Debug|Any CPU.ActiveCfg = Debug|Any CPU
		{C50E5B47-8B13-44B8-819C-DFF9827F1182}.Debug|Any CPU.Build.0 = Debug|Any CPU
		{C50E5B47-8B13-44B8-819C-DFF9827F1182}.Release|Any CPU.ActiveCfg = Release|Any CPU
		{C50E5B47-8B13-44B8-819C-DFF9827F1182}.Release|Any CPU.Build.0 = Release|Any CPU
	EndGlobalSection
	GlobalSection(SolutionProperties) = preSolution
		HideSolutionNode = FALSE
	EndGlobalSection
	GlobalSection(ExtensibilityGlobals) = postSolution
		SolutionGuid = {C762C017-5001-41AF-889D-1807F1404BD9}
	EndGlobalSection
EndGlobal
